// !$*UTF8*$!
{
	archiveVersion = 1;
	classes = {
	};
	objectVersion = 46;
	objects = {

/* Begin PBXBuildFile section */
		5C079CEC1CB4A6C60015B132 /* AppDelegate.swift in Sources */ = {isa = PBXBuildFile; fileRef = 5C079CEB1CB4A6C60015B132 /* AppDelegate.swift */; };
		5C079CEE1CB4A6C60015B132 /* RecordViewController.swift in Sources */ = {isa = PBXBuildFile; fileRef = 5C079CED1CB4A6C60015B132 /* RecordViewController.swift */; };
		5C079CF11CB4A6C60015B132 /* Main.storyboard in Resources */ = {isa = PBXBuildFile; fileRef = 5C079CEF1CB4A6C60015B132 /* Main.storyboard */; };
		5C079CF31CB4A6C60015B132 /* Assets.xcassets in Resources */ = {isa = PBXBuildFile; fileRef = 5C079CF21CB4A6C60015B132 /* Assets.xcassets */; };
		5C079CF61CB4A6C60015B132 /* LaunchScreen.storyboard in Resources */ = {isa = PBXBuildFile; fileRef = 5C079CF41CB4A6C60015B132 /* LaunchScreen.storyboard */; };
		5C079D011CB4A6C60015B132 /* SamplerTests.swift in Sources */ = {isa = PBXBuildFile; fileRef = 5C079D001CB4A6C60015B132 /* SamplerTests.swift */; };
		5C079D0C1CB4A6C60015B132 /* SamplerUITests.swift in Sources */ = {isa = PBXBuildFile; fileRef = 5C079D0B1CB4A6C60015B132 /* SamplerUITests.swift */; };
		5C65DC531D837D5E00C74613 /* AudioFile.swift in Sources */ = {isa = PBXBuildFile; fileRef = 5C65DC521D837D5E00C74613 /* AudioFile.swift */; };
		5C80D4CF1D6124AC00988FC9 /* AudioState.swift in Sources */ = {isa = PBXBuildFile; fileRef = 5C80D4CE1D6124AC00988FC9 /* AudioState.swift */; };
		5C80D4D11D612D9100988FC9 /* PlayerViewController.swift in Sources */ = {isa = PBXBuildFile; fileRef = 5C80D4D01D612D9100988FC9 /* PlayerViewController.swift */; };
		5C80D4D51D618AF500988FC9 /* AudioURL.swift in Sources */ = {isa = PBXBuildFile; fileRef = 5C80D4D41D618AF500988FC9 /* AudioURL.swift */; };
		5CACC25F1D5804DA00DCF255 /* FileListTableViewController.swift in Sources */ = {isa = PBXBuildFile; fileRef = 5CACC25E1D5804DA00DCF255 /* FileListTableViewController.swift */; };
/* End PBXBuildFile section */

/* Begin PBXContainerItemProxy section */
		5C079CFD1CB4A6C60015B132 /* PBXContainerItemProxy */ = {
			isa = PBXContainerItemProxy;
			containerPortal = 5C079CE01CB4A6C60015B132 /* Project object */;
			proxyType = 1;
			remoteGlobalIDString = 5C079CE71CB4A6C60015B132;
			remoteInfo = Sampler;
		};
		5C079D081CB4A6C60015B132 /* PBXContainerItemProxy */ = {
			isa = PBXContainerItemProxy;
			containerPortal = 5C079CE01CB4A6C60015B132 /* Project object */;
			proxyType = 1;
			remoteGlobalIDString = 5C079CE71CB4A6C60015B132;
			remoteInfo = Sampler;
		};
/* End PBXContainerItemProxy section */

/* Begin PBXFileReference section */
		5C079CE81CB4A6C60015B132 /* Sampler.app */ = {isa = PBXFileReference; explicitFileType = wrapper.application; includeInIndex = 0; path = Sampler.app; sourceTree = BUILT_PRODUCTS_DIR; };
		5C079CEB1CB4A6C60015B132 /* AppDelegate.swift */ = {isa = PBXFileReference; lastKnownFileType = sourcecode.swift; path = AppDelegate.swift; sourceTree = "<group>"; };
		5C079CED1CB4A6C60015B132 /* RecordViewController.swift */ = {isa = PBXFileReference; lastKnownFileType = sourcecode.swift; path = RecordViewController.swift; sourceTree = "<group>"; };
		5C079CF01CB4A6C60015B132 /* Base */ = {isa = PBXFileReference; lastKnownFileType = file.storyboard; name = Base; path = Base.lproj/Main.storyboard; sourceTree = "<group>"; };
		5C079CF21CB4A6C60015B132 /* Assets.xcassets */ = {isa = PBXFileReference; lastKnownFileType = folder.assetcatalog; path = Assets.xcassets; sourceTree = "<group>"; };
		5C079CF51CB4A6C60015B132 /* Base */ = {isa = PBXFileReference; lastKnownFileType = file.storyboard; name = Base; path = Base.lproj/LaunchScreen.storyboard; sourceTree = "<group>"; };
		5C079CF71CB4A6C60015B132 /* Info.plist */ = {isa = PBXFileReference; lastKnownFileType = text.plist.xml; path = Info.plist; sourceTree = "<group>"; };
		5C079CFC1CB4A6C60015B132 /* SamplerTests.xctest */ = {isa = PBXFileReference; explicitFileType = wrapper.cfbundle; includeInIndex = 0; path = SamplerTests.xctest; sourceTree = BUILT_PRODUCTS_DIR; };
		5C079D001CB4A6C60015B132 /* SamplerTests.swift */ = {isa = PBXFileReference; lastKnownFileType = sourcecode.swift; path = SamplerTests.swift; sourceTree = "<group>"; };
		5C079D021CB4A6C60015B132 /* Info.plist */ = {isa = PBXFileReference; lastKnownFileType = text.plist.xml; path = Info.plist; sourceTree = "<group>"; };
		5C079D071CB4A6C60015B132 /* SamplerUITests.xctest */ = {isa = PBXFileReference; explicitFileType = wrapper.cfbundle; includeInIndex = 0; path = SamplerUITests.xctest; sourceTree = BUILT_PRODUCTS_DIR; };
		5C079D0B1CB4A6C60015B132 /* SamplerUITests.swift */ = {isa = PBXFileReference; lastKnownFileType = sourcecode.swift; path = SamplerUITests.swift; sourceTree = "<group>"; };
		5C079D0D1CB4A6C60015B132 /* Info.plist */ = {isa = PBXFileReference; lastKnownFileType = text.plist.xml; path = Info.plist; sourceTree = "<group>"; };
		5C65DC521D837D5E00C74613 /* AudioFile.swift */ = {isa = PBXFileReference; fileEncoding = 4; lastKnownFileType = sourcecode.swift; path = AudioFile.swift; sourceTree = "<group>"; };
		5C80D4CE1D6124AC00988FC9 /* AudioState.swift */ = {isa = PBXFileReference; fileEncoding = 4; lastKnownFileType = sourcecode.swift; path = AudioState.swift; sourceTree = "<group>"; };
		5C80D4D01D612D9100988FC9 /* PlayerViewController.swift */ = {isa = PBXFileReference; fileEncoding = 4; lastKnownFileType = sourcecode.swift; path = PlayerViewController.swift; sourceTree = "<group>"; };
		5C80D4D41D618AF500988FC9 /* AudioURL.swift */ = {isa = PBXFileReference; fileEncoding = 4; lastKnownFileType = sourcecode.swift; path = AudioURL.swift; sourceTree = "<group>"; };
		5CACC25E1D5804DA00DCF255 /* FileListTableViewController.swift */ = {isa = PBXFileReference; fileEncoding = 4; lastKnownFileType = sourcecode.swift; path = FileListTableViewController.swift; sourceTree = "<group>"; };
/* End PBXFileReference section */

/* Begin PBXFrameworksBuildPhase section */
		5C079CE51CB4A6C60015B132 /* Frameworks */ = {
			isa = PBXFrameworksBuildPhase;
			buildActionMask = 2147483647;
			files = (
			);
			runOnlyForDeploymentPostprocessing = 0;
		};
		5C079CF91CB4A6C60015B132 /* Frameworks */ = {
			isa = PBXFrameworksBuildPhase;
			buildActionMask = 2147483647;
			files = (
			);
			runOnlyForDeploymentPostprocessing = 0;
		};
		5C079D041CB4A6C60015B132 /* Frameworks */ = {
			isa = PBXFrameworksBuildPhase;
			buildActionMask = 2147483647;
			files = (
			);
			runOnlyForDeploymentPostprocessing = 0;
		};
/* End PBXFrameworksBuildPhase section */

/* Begin PBXGroup section */
		5C079CDF1CB4A6C60015B132 = {
			isa = PBXGroup;
			children = (
				5C079CEA1CB4A6C60015B132 /* Sampler */,
				5C079CFF1CB4A6C60015B132 /* SamplerTests */,
				5C079D0A1CB4A6C60015B132 /* SamplerUITests */,
				5C079CE91CB4A6C60015B132 /* Products */,
			);
			sourceTree = "<group>";
		};
		5C079CE91CB4A6C60015B132 /* Products */ = {
			isa = PBXGroup;
			children = (
				5C079CE81CB4A6C60015B132 /* Sampler.app */,
				5C079CFC1CB4A6C60015B132 /* SamplerTests.xctest */,
				5C079D071CB4A6C60015B132 /* SamplerUITests.xctest */,
			);
			name = Products;
			sourceTree = "<group>";
		};
		5C079CEA1CB4A6C60015B132 /* Sampler */ = {
			isa = PBXGroup;
			children = (
				5C079CEB1CB4A6C60015B132 /* AppDelegate.swift */,
				5C80D4CD1D61232B00988FC9 /* ViewController */,
				5CACC2551D57F13F00DCF255 /* Model */,
				5C079CF21CB4A6C60015B132 /* Assets.xcassets */,
				5C079CEF1CB4A6C60015B132 /* Main.storyboard */,
				5C079CF41CB4A6C60015B132 /* LaunchScreen.storyboard */,
				5C079CF71CB4A6C60015B132 /* Info.plist */,
			);
			path = Sampler;
			sourceTree = "<group>";
		};
		5C079CFF1CB4A6C60015B132 /* SamplerTests */ = {
			isa = PBXGroup;
			children = (
				5C079D001CB4A6C60015B132 /* SamplerTests.swift */,
				5C079D021CB4A6C60015B132 /* Info.plist */,
			);
			path = SamplerTests;
			sourceTree = "<group>";
		};
		5C079D0A1CB4A6C60015B132 /* SamplerUITests */ = {
			isa = PBXGroup;
			children = (
				5C079D0B1CB4A6C60015B132 /* SamplerUITests.swift */,
				5C079D0D1CB4A6C60015B132 /* Info.plist */,
			);
			path = SamplerUITests;
			sourceTree = "<group>";
		};
		5C80D4CD1D61232B00988FC9 /* ViewController */ = {
			isa = PBXGroup;
			children = (
				5C079CED1CB4A6C60015B132 /* RecordViewController.swift */,
				5CACC25E1D5804DA00DCF255 /* FileListTableViewController.swift */,
				5C80D4D01D612D9100988FC9 /* PlayerViewController.swift */,
			);
			name = ViewController;
			sourceTree = "<group>";
		};
		5CACC2551D57F13F00DCF255 /* Model */ = {
			isa = PBXGroup;
			children = (
				5C65DC521D837D5E00C74613 /* AudioFile.swift */,
				5C80D4D41D618AF500988FC9 /* AudioURL.swift */,
				5C80D4CE1D6124AC00988FC9 /* AudioState.swift */,
			);
			name = Model;
			sourceTree = "<group>";
		};
/* End PBXGroup section */

/* Begin PBXNativeTarget section */
		5C079CE71CB4A6C60015B132 /* Sampler */ = {
			isa = PBXNativeTarget;
			buildConfigurationList = 5C079D101CB4A6C60015B132 /* Build configuration list for PBXNativeTarget "Sampler" */;
			buildPhases = (
				5C079CE41CB4A6C60015B132 /* Sources */,
				5C079CE51CB4A6C60015B132 /* Frameworks */,
				5C079CE61CB4A6C60015B132 /* Resources */,
			);
			buildRules = (
			);
			dependencies = (
			);
			name = Sampler;
			productName = Sampler;
			productReference = 5C079CE81CB4A6C60015B132 /* Sampler.app */;
			productType = "com.apple.product-type.application";
		};
		5C079CFB1CB4A6C60015B132 /* SamplerTests */ = {
			isa = PBXNativeTarget;
			buildConfigurationList = 5C079D131CB4A6C60015B132 /* Build configuration list for PBXNativeTarget "SamplerTests" */;
			buildPhases = (
				5C079CF81CB4A6C60015B132 /* Sources */,
				5C079CF91CB4A6C60015B132 /* Frameworks */,
				5C079CFA1CB4A6C60015B132 /* Resources */,
			);
			buildRules = (
			);
			dependencies = (
				5C079CFE1CB4A6C60015B132 /* PBXTargetDependency */,
			);
			name = SamplerTests;
			productName = SamplerTests;
			productReference = 5C079CFC1CB4A6C60015B132 /* SamplerTests.xctest */;
			productType = "com.apple.product-type.bundle.unit-test";
		};
		5C079D061CB4A6C60015B132 /* SamplerUITests */ = {
			isa = PBXNativeTarget;
			buildConfigurationList = 5C079D161CB4A6C60015B132 /* Build configuration list for PBXNativeTarget "SamplerUITests" */;
			buildPhases = (
				5C079D031CB4A6C60015B132 /* Sources */,
				5C079D041CB4A6C60015B132 /* Frameworks */,
				5C079D051CB4A6C60015B132 /* Resources */,
			);
			buildRules = (
			);
			dependencies = (
				5C079D091CB4A6C60015B132 /* PBXTargetDependency */,
			);
			name = SamplerUITests;
			productName = SamplerUITests;
			productReference = 5C079D071CB4A6C60015B132 /* SamplerUITests.xctest */;
			productType = "com.apple.product-type.bundle.ui-testing";
		};
/* End PBXNativeTarget section */

/* Begin PBXProject section */
		5C079CE01CB4A6C60015B132 /* Project object */ = {
			isa = PBXProject;
			attributes = {
				LastSwiftUpdateCheck = 0720;
				LastUpgradeCheck = 0810;
				ORGANIZATIONNAME = "Daniel Song";
				TargetAttributes = {
					5C079CE71CB4A6C60015B132 = {
						CreatedOnToolsVersion = 7.2;
						LastSwiftMigration = 0810;
					};
					5C079CFB1CB4A6C60015B132 = {
						CreatedOnToolsVersion = 7.2;
						LastSwiftMigration = 0810;
						TestTargetID = 5C079CE71CB4A6C60015B132;
					};
					5C079D061CB4A6C60015B132 = {
						CreatedOnToolsVersion = 7.2;
						LastSwiftMigration = 0810;
						TestTargetID = 5C079CE71CB4A6C60015B132;
					};
				};
			};
			buildConfigurationList = 5C079CE31CB4A6C60015B132 /* Build configuration list for PBXProject "Sampler" */;
			compatibilityVersion = "Xcode 3.2";
			developmentRegion = English;
			hasScannedForEncodings = 0;
			knownRegions = (
				en,
				Base,
			);
			mainGroup = 5C079CDF1CB4A6C60015B132;
			productRefGroup = 5C079CE91CB4A6C60015B132 /* Products */;
			projectDirPath = "";
			projectRoot = "";
			targets = (
				5C079CE71CB4A6C60015B132 /* Sampler */,
				5C079CFB1CB4A6C60015B132 /* SamplerTests */,
				5C079D061CB4A6C60015B132 /* SamplerUITests */,
			);
		};
/* End PBXProject section */

/* Begin PBXResourcesBuildPhase section */
		5C079CE61CB4A6C60015B132 /* Resources */ = {
			isa = PBXResourcesBuildPhase;
			buildActionMask = 2147483647;
			files = (
				5C079CF61CB4A6C60015B132 /* LaunchScreen.storyboard in Resources */,
				5C079CF31CB4A6C60015B132 /* Assets.xcassets in Resources */,
				5C079CF11CB4A6C60015B132 /* Main.storyboard in Resources */,
			);
			runOnlyForDeploymentPostprocessing = 0;
		};
		5C079CFA1CB4A6C60015B132 /* Resources */ = {
			isa = PBXResourcesBuildPhase;
			buildActionMask = 2147483647;
			files = (
			);
			runOnlyForDeploymentPostprocessing = 0;
		};
		5C079D051CB4A6C60015B132 /* Resources */ = {
			isa = PBXResourcesBuildPhase;
			buildActionMask = 2147483647;
			files = (
			);
			runOnlyForDeploymentPostprocessing = 0;
		};
/* End PBXResourcesBuildPhase section */

/* Begin PBXSourcesBuildPhase section */
		5C079CE41CB4A6C60015B132 /* Sources */ = {
			isa = PBXSourcesBuildPhase;
			buildActionMask = 2147483647;
			files = (
				5C079CEE1CB4A6C60015B132 /* RecordViewController.swift in Sources */,
				5CACC25F1D5804DA00DCF255 /* FileListTableViewController.swift in Sources */,
				5C80D4D11D612D9100988FC9 /* PlayerViewController.swift in Sources */,
				5C079CEC1CB4A6C60015B132 /* AppDelegate.swift in Sources */,
				5C65DC531D837D5E00C74613 /* AudioFile.swift in Sources */,
				5C80D4D51D618AF500988FC9 /* AudioURL.swift in Sources */,
				5C80D4CF1D6124AC00988FC9 /* AudioState.swift in Sources */,
			);
			runOnlyForDeploymentPostprocessing = 0;
		};
		5C079CF81CB4A6C60015B132 /* Sources */ = {
			isa = PBXSourcesBuildPhase;
			buildActionMask = 2147483647;
			files = (
				5C079D011CB4A6C60015B132 /* SamplerTests.swift in Sources */,
			);
			runOnlyForDeploymentPostprocessing = 0;
		};
		5C079D031CB4A6C60015B132 /* Sources */ = {
			isa = PBXSourcesBuildPhase;
			buildActionMask = 2147483647;
			files = (
				5C079D0C1CB4A6C60015B132 /* SamplerUITests.swift in Sources */,
			);
			runOnlyForDeploymentPostprocessing = 0;
		};
/* End PBXSourcesBuildPhase section */

/* Begin PBXTargetDependency section */
		5C079CFE1CB4A6C60015B132 /* PBXTargetDependency */ = {
			isa = PBXTargetDependency;
			target = 5C079CE71CB4A6C60015B132 /* Sampler */;
			targetProxy = 5C079CFD1CB4A6C60015B132 /* PBXContainerItemProxy */;
		};
		5C079D091CB4A6C60015B132 /* PBXTargetDependency */ = {
			isa = PBXTargetDependency;
			target = 5C079CE71CB4A6C60015B132 /* Sampler */;
			targetProxy = 5C079D081CB4A6C60015B132 /* PBXContainerItemProxy */;
		};
/* End PBXTargetDependency section */

/* Begin PBXVariantGroup section */
		5C079CEF1CB4A6C60015B132 /* Main.storyboard */ = {
			isa = PBXVariantGroup;
			children = (
				5C079CF01CB4A6C60015B132 /* Base */,
			);
			name = Main.storyboard;
			sourceTree = "<group>";
		};
		5C079CF41CB4A6C60015B132 /* LaunchScreen.storyboard */ = {
			isa = PBXVariantGroup;
			children = (
				5C079CF51CB4A6C60015B132 /* Base */,
			);
			name = LaunchScreen.storyboard;
			sourceTree = "<group>";
		};
/* End PBXVariantGroup section */

/* Begin XCBuildConfiguration section */
		5C079D0E1CB4A6C60015B132 /* Debug */ = {
			isa = XCBuildConfiguration;
			buildSettings = {
				ALWAYS_SEARCH_USER_PATHS = NO;
				CLANG_CXX_LANGUAGE_STANDARD = "gnu++0x";
				CLANG_CXX_LIBRARY = "libc++";
				CLANG_ENABLE_MODULES = YES;
				CLANG_ENABLE_OBJC_ARC = YES;
				CLANG_WARN_BOOL_CONVERSION = YES;
				CLANG_WARN_CONSTANT_CONVERSION = YES;
				CLANG_WARN_DIRECT_OBJC_ISA_USAGE = YES_ERROR;
				CLANG_WARN_EMPTY_BODY = YES;
				CLANG_WARN_ENUM_CONVERSION = YES;
				CLANG_WARN_INFINITE_RECURSION = YES;
				CLANG_WARN_INT_CONVERSION = YES;
				CLANG_WARN_OBJC_ROOT_CLASS = YES_ERROR;
				CLANG_WARN_SUSPICIOUS_MOVE = YES;
				CLANG_WARN_UNREACHABLE_CODE = YES;
				CLANG_WARN__DUPLICATE_METHOD_MATCH = YES;
				"CODE_SIGN_IDENTITY[sdk=iphoneos*]" = "iPhone Developer";
				COPY_PHASE_STRIP = NO;
				DEBUG_INFORMATION_FORMAT = dwarf;
				ENABLE_STRICT_OBJC_MSGSEND = YES;
				ENABLE_TESTABILITY = YES;
				GCC_C_LANGUAGE_STANDARD = gnu99;
				GCC_DYNAMIC_NO_PIC = NO;
				GCC_NO_COMMON_BLOCKS = YES;
				GCC_OPTIMIZATION_LEVEL = 0;
				GCC_PREPROCESSOR_DEFINITIONS = (
					"DEBUG=1",
					"$(inherited)",
				);
				GCC_WARN_64_TO_32_BIT_CONVERSION = YES;
				GCC_WARN_ABOUT_RETURN_TYPE = YES_ERROR;
				GCC_WARN_UNDECLARED_SELECTOR = YES;
				GCC_WARN_UNINITIALIZED_AUTOS = YES_AGGRESSIVE;
				GCC_WARN_UNUSED_FUNCTION = YES;
				GCC_WARN_UNUSED_VARIABLE = YES;
				IPHONEOS_DEPLOYMENT_TARGET = 9.2;
				MTL_ENABLE_DEBUG_INFO = YES;
				ONLY_ACTIVE_ARCH = YES;
				SDKROOT = iphoneos;
				SWIFT_OPTIMIZATION_LEVEL = "-Onone";
			};
			name = Debug;
		};
		5C079D0F1CB4A6C60015B132 /* Release */ = {
			isa = XCBuildConfiguration;
			buildSettings = {
				ALWAYS_SEARCH_USER_PATHS = NO;
				CLANG_CXX_LANGUAGE_STANDARD = "gnu++0x";
				CLANG_CXX_LIBRARY = "libc++";
				CLANG_ENABLE_MODULES = YES;
				CLANG_ENABLE_OBJC_ARC = YES;
				CLANG_WARN_BOOL_CONVERSION = YES;
				CLANG_WARN_CONSTANT_CONVERSION = YES;
				CLANG_WARN_DIRECT_OBJC_ISA_USAGE = YES_ERROR;
				CLANG_WARN_EMPTY_BODY = YES;
				CLANG_WARN_ENUM_CONVERSION = YES;
				CLANG_WARN_INFINITE_RECURSION = YES;
				CLANG_WARN_INT_CONVERSION = YES;
				CLANG_WARN_OBJC_ROOT_CLASS = YES_ERROR;
				CLANG_WARN_SUSPICIOUS_MOVE = YES;
				CLANG_WARN_UNREACHABLE_CODE = YES;
				CLANG_WARN__DUPLICATE_METHOD_MATCH = YES;
				"CODE_SIGN_IDENTITY[sdk=iphoneos*]" = "iPhone Developer";
				COPY_PHASE_STRIP = NO;
				DEBUG_INFORMATION_FORMAT = "dwarf-with-dsym";
				ENABLE_NS_ASSERTIONS = NO;
				ENABLE_STRICT_OBJC_MSGSEND = YES;
				GCC_C_LANGUAGE_STANDARD = gnu99;
				GCC_NO_COMMON_BLOCKS = YES;
				GCC_WARN_64_TO_32_BIT_CONVERSION = YES;
				GCC_WARN_ABOUT_RETURN_TYPE = YES_ERROR;
				GCC_WARN_UNDECLARED_SELECTOR = YES;
				GCC_WARN_UNINITIALIZED_AUTOS = YES_AGGRESSIVE;
				GCC_WARN_UNUSED_FUNCTION = YES;
				GCC_WARN_UNUSED_VARIABLE = YES;
				IPHONEOS_DEPLOYMENT_TARGET = 9.2;
				MTL_ENABLE_DEBUG_INFO = NO;
				SDKROOT = iphoneos;
				SWIFT_OPTIMIZATION_LEVEL = "-Owholemodule";
				VALIDATE_PRODUCT = YES;
			};
			name = Release;
		};
		5C079D111CB4A6C60015B132 /* Debug */ = {
			isa = XCBuildConfiguration;
			buildSettings = {
				ASSETCATALOG_COMPILER_APPICON_NAME = AppIcon;
				FRAMEWORK_SEARCH_PATHS = (
					"$(inherited)",
					"$(PROJECT_DIR)/AudioKit-iOS",
				);
				INFOPLIST_FILE = Sampler/Info.plist;
				LD_RUNPATH_SEARCH_PATHS = "$(inherited) @executable_path/Frameworks";
				PRODUCT_BUNDLE_IDENTIFIER = io.github.danielsongh.Sampler;
				PRODUCT_NAME = "$(TARGET_NAME)";
				SWIFT_VERSION = 3.0;
			};
			name = Debug;
		};
		5C079D121CB4A6C60015B132 /* Release */ = {
			isa = XCBuildConfiguration;
			buildSettings = {
				ASSETCATALOG_COMPILER_APPICON_NAME = AppIcon;
				FRAMEWORK_SEARCH_PATHS = (
					"$(inherited)",
					"$(PROJECT_DIR)/AudioKit-iOS",
				);
				INFOPLIST_FILE = Sampler/Info.plist;
				LD_RUNPATH_SEARCH_PATHS = "$(inherited) @executable_path/Frameworks";
				PRODUCT_BUNDLE_IDENTIFIER = io.github.danielsongh.Sampler;
				PRODUCT_NAME = "$(TARGET_NAME)";
				SWIFT_VERSION = 3.0;
			};
			name = Release;
		};
		5C079D141CB4A6C60015B132 /* Debug */ = {
			isa = XCBuildConfiguration;
			buildSettings = {
				BUNDLE_LOADER = "$(TEST_HOST)";
				INFOPLIST_FILE = SamplerTests/Info.plist;
				LD_RUNPATH_SEARCH_PATHS = "$(inherited) @executable_path/Frameworks @loader_path/Frameworks";
				PRODUCT_BUNDLE_IDENTIFIER = io.github.danielsongh.SamplerTests;
				PRODUCT_NAME = "$(TARGET_NAME)";
				SWIFT_VERSION = 3.0;
				TEST_HOST = "$(BUILT_PRODUCTS_DIR)/Sampler.app/Sampler";
			};
			name = Debug;
		};
		5C079D151CB4A6C60015B132 /* Release */ = {
			isa = XCBuildConfiguration;
			buildSettings = {
				BUNDLE_LOADER = "$(TEST_HOST)";
				INFOPLIST_FILE = SamplerTests/Info.plist;
				LD_RUNPATH_SEARCH_PATHS = "$(inherited) @executable_path/Frameworks @loader_path/Frameworks";
				PRODUCT_BUNDLE_IDENTIFIER = io.github.danielsongh.SamplerTests;
				PRODUCT_NAME = "$(TARGET_NAME)";
				SWIFT_VERSION = 3.0;
				TEST_HOST = "$(BUILT_PRODUCTS_DIR)/Sampler.app/Sampler";
			};
			name = Release;
		};
		5C079D171CB4A6C60015B132 /* Debug */ = {
			isa = XCBuildConfiguration;
			buildSettings = {
				INFOPLIST_FILE = SamplerUITests/Info.plist;
				LD_RUNPATH_SEARCH_PATHS = "$(inherited) @executable_path/Frameworks @loader_path/Frameworks";
				PRODUCT_BUNDLE_IDENTIFIER = io.github.danielsongh.SamplerUITests;
				PRODUCT_NAME = "$(TARGET_NAME)";
				SWIFT_VERSION = 3.0;
				TEST_TARGET_NAME = Sampler;
				USES_XCTRUNNER = YES;
			};
			name = Debug;
		};
		5C079D181CB4A6C60015B132 /* Release */ = {
			isa = XCBuildConfiguration;
			buildSettings = {
				INFOPLIST_FILE = SamplerUITests/Info.plist;
				LD_RUNPATH_SEARCH_PATHS = "$(inherited) @executable_path/Frameworks @loader_path/Frameworks";
				PRODUCT_BUNDLE_IDENTIFIER = io.github.danielsongh.SamplerUITests;
				PRODUCT_NAME = "$(TARGET_NAME)";
				SWIFT_VERSION = 3.0;
				TEST_TARGET_NAME = Sampler;
				USES_XCTRUNNER = YES;
			};
			name = Release;
		};
/* End XCBuildConfiguration section */

/* Begin XCConfigurationList section */
		5C079CE31CB4A6C60015B132 /* Build configuration list for PBXProject "Sampler" */ = {
			isa = XCConfigurationList;
			buildConfigurations = (
				5C079D0E1CB4A6C60015B132 /* Debug */,
				5C079D0F1CB4A6C60015B132 /* Release */,
			);
			defaultConfigurationIsVisible = 0;
			defaultConfigurationName = Release;
		};
		5C079D101CB4A6C60015B132 /* Build configuration list for PBXNativeTarget "Sampler" */ = {
			isa = XCConfigurationList;
			buildConfigurations = (
				5C079D111CB4A6C60015B132 /* Debug */,
				5C079D121CB4A6C60015B132 /* Release */,
			);
			defaultConfigurationIsVisible = 0;
			defaultConfigurationName = Release;
		};
		5C079D131CB4A6C60015B132 /* Build configuration list for PBXNativeTarget "SamplerTests" */ = {
			isa = XCConfigurationList;
			buildConfigurations = (
				5C079D141CB4A6C60015B132 /* Debug */,
				5C079D151CB4A6C60015B132 /* Release */,
			);
			defaultConfigurationIsVisible = 0;
			defaultConfigurationName = Release;
		};
		5C079D161CB4A6C60015B132 /* Build configuration list for PBXNativeTarget "SamplerUITests" */ = {
			isa = XCConfigurationList;
			buildConfigurations = (
				5C079D171CB4A6C60015B132 /* Debug */,
				5C079D181CB4A6C60015B132 /* Release */,
			);
			defaultConfigurationIsVisible = 0;
			defaultConfigurationName = Release;
		};
/* End XCConfigurationList section */
	};
	rootObject = 5C079CE01CB4A6C60015B132 /* Project object */;
}
